
Microsoft Visual Studio Solution File, Format Version 11.00
# Visual Studio 2010
Project("{FAE04EC0-301F-11D3-BF4B-00C04F79EFBC}") = "WOWItemMaker", "WowItemMaker\WOWItemMaker.csproj", "{A23C1375-A3B4-43F3-AA76-40C0A4883749}"
EndProject
Project("{FAE04EC0-301F-11D3-BF4B-00C04F79EFBC}") = "LibRichTextBox", "Lib_myRichTextBox\LibRichTextBox.csproj", "{7CDEA4EB-14B7-480A-BE38-9795E4FB73D8}"
EndProject
Global
	GlobalSection(SolutionConfigurationPlatforms) = preSolution
		Debug|Any CPU = Debug|Any CPU
		Release|Any CPU = Release|Any CPU
	EndGlobalSection
	GlobalSection(ProjectConfigurationPlatforms) = postSolution
		{A23C1375-A3B4-43F3-AA76-40C0A4883749}.Debug|Any CPU.ActiveCfg = Debug|Any CPU
		{A23C1375-A3B4-43F3-AA76-40C0A4883749}.Debug|Any CPU.Build.0 = Debug|Any CPU
		{A23C1375-A3B4-43F3-AA76-40C0A4883749}.Release|Any CPU.ActiveCfg = Release|Any CPU
		{A23C1375-A3B4-43F3-AA76-40C0A4883749}.Release|Any CPU.Build.0 = Release|Any CPU
		{7CDEA4EB-14B7-480A-BE38-9795E4FB73D8}.Debug|Any CPU.ActiveCfg = Debug|Any CPU
		{7CDEA4EB-14B7-480A-BE38-9795E4FB73D8}.Debug|Any CPU.Build.0 = Debug|Any CPU
		{7CDEA4EB-14B7-480A-BE38-9795E4FB73D8}.Release|Any CPU.ActiveCfg = Release|Any CPU
		{7CDEA4EB-14B7-480A-BE38-9795E4FB73D8}.Release|Any CPU.Build.0 = Release|Any CPU
	EndGlobalSection
	GlobalSection(SolutionProperties) = preSolution
		HideSolutionNode = FALSE
	EndGlobalSection
EndGlobal
